
Microsoft Visual Studio Solution File, Format Version 12.00
# Visual Studio Version 17
VisualStudioVersion = 17.4.33213.308
MinimumVisualStudioVersion = 10.0.40219.1
Project("{FAE04EC0-301F-11D3-BF4B-00C04F79EFBC}") = "BANKINGsystem", "BANKINGsystem\BANKINGsystem.csproj", "{E36C448E-D16C-4A75-B601-15E61EB152F6}"
EndProject
Global
	GlobalSection(SolutionConfigurationPlatforms) = preSolution
		Debug|Any CPU = Debug|Any CPU
		Release|Any CPU = Release|Any CPU
	EndGlobalSection
	GlobalSection(ProjectConfigurationPlatforms) = postSolution
		{E36C448E-D16C-4A75-B601-15E61EB152F6}.Debug|Any CPU.ActiveCfg = Debug|Any CPU
		{E36C448E-D16C-4A75-B601-15E61EB152F6}.Debug|Any CPU.Build.0 = Debug|Any CPU
		{E36C448E-D16C-4A75-B601-15E61EB152F6}.Release|Any CPU.ActiveCfg = Release|Any CPU
		{E36C448E-D16C-4A75-B601-15E61EB152F6}.Release|Any CPU.Build.0 = Release|Any CPU
	EndGlobalSection
	GlobalSection(SolutionProperties) = preSolution
		HideSolutionNode = FALSE
	EndGlobalSection
	GlobalSection(ExtensibilityGlobals) = postSolution
		SolutionGuid = {CB1E241F-0D08-49DE-8147-738D5E5C805B}
	EndGlobalSection
EndGlobal
